
Microsoft Visual Studio Solution File, Format Version 12.00
# Visual Studio Version 16
VisualStudioVersion = 16.0.29613.14
MinimumVisualStudioVersion = 10.0.40219.1
Project("{FAE04EC0-301F-11D3-BF4B-00C04F79EFBC}") = "posservices", "posservices\posservices.csproj", "{C02806DF-5A45-4841-9DAF-8CFBE0BE19E8}"
EndProject
Project("{FAE04EC0-301F-11D3-BF4B-00C04F79EFBC}") = "posdb", "posdb\posdb.csproj", "{77E613A2-5A8F-43B9-9815-A43E284287D0}"
EndProject
Project("{FAE04EC0-301F-11D3-BF4B-00C04F79EFBC}") = "posrepository", "posrepository\posrepository.csproj", "{7B427DBF-8256-4B91-85F9-A3CF2AAF9AC9}"
EndProject
Global
	GlobalSection(SolutionConfigurationPlatforms) = preSolution
		Debug|Any CPU = Debug|Any CPU
		Release|Any CPU = Release|Any CPU
	EndGlobalSection
	GlobalSection(ProjectConfigurationPlatforms) = postSolution
		{C02806DF-5A45-4841-9DAF-8CFBE0BE19E8}.Debug|Any CPU.ActiveCfg = Debug|Any CPU
		{C02806DF-5A45-4841-9DAF-8CFBE0BE19E8}.Debug|Any CPU.Build.0 = Debug|Any CPU
		{C02806DF-5A45-4841-9DAF-8CFBE0BE19E8}.Release|Any CPU.ActiveCfg = Release|Any CPU
		{C02806DF-5A45-4841-9DAF-8CFBE0BE19E8}.Release|Any CPU.Build.0 = Release|Any CPU
		{77E613A2-5A8F-43B9-9815-A43E284287D0}.Debug|Any CPU.ActiveCfg = Debug|Any CPU
		{77E613A2-5A8F-43B9-9815-A43E284287D0}.Debug|Any CPU.Build.0 = Debug|Any CPU
		{77E613A2-5A8F-43B9-9815-A43E284287D0}.Release|Any CPU.ActiveCfg = Release|Any CPU
		{77E613A2-5A8F-43B9-9815-A43E284287D0}.Release|Any CPU.Build.0 = Release|Any CPU
		{7B427DBF-8256-4B91-85F9-A3CF2AAF9AC9}.Debug|Any CPU.ActiveCfg = Debug|Any CPU
		{7B427DBF-8256-4B91-85F9-A3CF2AAF9AC9}.Debug|Any CPU.Build.0 = Debug|Any CPU
		{7B427DBF-8256-4B91-85F9-A3CF2AAF9AC9}.Release|Any CPU.ActiveCfg = Release|Any CPU
		{7B427DBF-8256-4B91-85F9-A3CF2AAF9AC9}.Release|Any CPU.Build.0 = Release|Any CPU
	EndGlobalSection
	GlobalSection(SolutionProperties) = preSolution
		HideSolutionNode = FALSE
	EndGlobalSection
	GlobalSection(ExtensibilityGlobals) = postSolution
		SolutionGuid = {A6659924-78A8-47DA-80BC-D51CC2ECA794}
	EndGlobalSection
EndGlobal
